
Microsoft Visual Studio Solution File, Format Version 12.00
# Visual Studio Version 17
VisualStudioVersion = 17.0.32014.148
MinimumVisualStudioVersion = 10.0.40219.1
Project("{9A19103F-16F7-4668-BE54-9A1E7A4F7556}") = "Borks", "Borks\Borks.csproj", "{854F2458-4415-4BA6-ACFA-4917C96D10D2}"
EndProject
Project("{9A19103F-16F7-4668-BE54-9A1E7A4F7556}") = "Borks.Graphics3D", "Borks.Graphics3D\Borks.Graphics3D.csproj", "{BDC7C4EA-36D5-4346-94F3-6ACA47AEC0B7}"
EndProject
Project("{9A19103F-16F7-4668-BE54-9A1E7A4F7556}") = "Borks.Sandbox", "Borks.Sandbox\Borks.Sandbox.csproj", "{07985F55-1428-4C52-92B0-83097DC39077}"
EndProject
Project("{9A19103F-16F7-4668-BE54-9A1E7A4F7556}") = "Borks.Graphics3D.SEModel", "Borks.Graphics3D.SEModel\Borks.Graphics3D.SEModel.csproj", "{F338255A-B3A8-4110-944F-9763E51E8485}"
EndProject
Global
	GlobalSection(SolutionConfigurationPlatforms) = preSolution
		Debug|Any CPU = Debug|Any CPU
		Debug|x64 = Debug|x64
		Debug|x86 = Debug|x86
		Release|Any CPU = Release|Any CPU
		Release|x64 = Release|x64
		Release|x86 = Release|x86
	EndGlobalSection
	GlobalSection(ProjectConfigurationPlatforms) = postSolution
		{854F2458-4415-4BA6-ACFA-4917C96D10D2}.Debug|Any CPU.ActiveCfg = Debug|Any CPU
		{854F2458-4415-4BA6-ACFA-4917C96D10D2}.Debug|Any CPU.Build.0 = Debug|Any CPU
		{854F2458-4415-4BA6-ACFA-4917C96D10D2}.Debug|x64.ActiveCfg = Debug|Any CPU
		{854F2458-4415-4BA6-ACFA-4917C96D10D2}.Debug|x64.Build.0 = Debug|Any CPU
		{854F2458-4415-4BA6-ACFA-4917C96D10D2}.Debug|x86.ActiveCfg = Debug|Any CPU
		{854F2458-4415-4BA6-ACFA-4917C96D10D2}.Debug|x86.Build.0 = Debug|Any CPU
		{854F2458-4415-4BA6-ACFA-4917C96D10D2}.Release|Any CPU.ActiveCfg = Release|Any CPU
		{854F2458-4415-4BA6-ACFA-4917C96D10D2}.Release|Any CPU.Build.0 = Release|Any CPU
		{854F2458-4415-4BA6-ACFA-4917C96D10D2}.Release|x64.ActiveCfg = Release|Any CPU
		{854F2458-4415-4BA6-ACFA-4917C96D10D2}.Release|x64.Build.0 = Release|Any CPU
		{854F2458-4415-4BA6-ACFA-4917C96D10D2}.Release|x86.ActiveCfg = Release|Any CPU
		{854F2458-4415-4BA6-ACFA-4917C96D10D2}.Release|x86.Build.0 = Release|Any CPU
		{BDC7C4EA-36D5-4346-94F3-6ACA47AEC0B7}.Debug|Any CPU.ActiveCfg = Debug|Any CPU
		{BDC7C4EA-36D5-4346-94F3-6ACA47AEC0B7}.Debug|Any CPU.Build.0 = Debug|Any CPU
		{BDC7C4EA-36D5-4346-94F3-6ACA47AEC0B7}.Debug|x64.ActiveCfg = Debug|Any CPU
		{BDC7C4EA-36D5-4346-94F3-6ACA47AEC0B7}.Debug|x64.Build.0 = Debug|Any CPU
		{BDC7C4EA-36D5-4346-94F3-6ACA47AEC0B7}.Debug|x86.ActiveCfg = Debug|Any CPU
		{BDC7C4EA-36D5-4346-94F3-6ACA47AEC0B7}.Debug|x86.Build.0 = Debug|Any CPU
		{BDC7C4EA-36D5-4346-94F3-6ACA47AEC0B7}.Release|Any CPU.ActiveCfg = Release|Any CPU
		{BDC7C4EA-36D5-4346-94F3-6ACA47AEC0B7}.Release|Any CPU.Build.0 = Release|Any CPU
		{BDC7C4EA-36D5-4346-94F3-6ACA47AEC0B7}.Release|x64.ActiveCfg = Release|Any CPU
		{BDC7C4EA-36D5-4346-94F3-6ACA47AEC0B7}.Release|x64.Build.0 = Release|Any CPU
		{BDC7C4EA-36D5-4346-94F3-6ACA47AEC0B7}.Release|x86.ActiveCfg = Release|Any CPU
		{BDC7C4EA-36D5-4346-94F3-6ACA47AEC0B7}.Release|x86.Build.0 = Release|Any CPU
		{07985F55-1428-4C52-92B0-83097DC39077}.Debug|Any CPU.ActiveCfg = Debug|Any CPU
		{07985F55-1428-4C52-92B0-83097DC39077}.Debug|Any CPU.Build.0 = Debug|Any CPU
		{07985F55-1428-4C52-92B0-83097DC39077}.Debug|x64.ActiveCfg = Debug|Any CPU
		{07985F55-1428-4C52-92B0-83097DC39077}.Debug|x64.Build.0 = Debug|Any CPU
		{07985F55-1428-4C52-92B0-83097DC39077}.Debug|x86.ActiveCfg = Debug|Any CPU
		{07985F55-1428-4C52-92B0-83097DC39077}.Debug|x86.Build.0 = Debug|Any CPU
		{07985F55-1428-4C52-92B0-83097DC39077}.Release|Any CPU.ActiveCfg = Release|Any CPU
		{07985F55-1428-4C52-92B0-83097DC39077}.Release|Any CPU.Build.0 = Release|Any CPU
		{07985F55-1428-4C52-92B0-83097DC39077}.Release|x64.ActiveCfg = Release|Any CPU
		{07985F55-1428-4C52-92B0-83097DC39077}.Release|x64.Build.0 = Release|Any CPU
		{07985F55-1428-4C52-92B0-83097DC39077}.Release|x86.ActiveCfg = Release|Any CPU
		{07985F55-1428-4C52-92B0-83097DC39077}.Release|x86.Build.0 = Release|Any CPU
		{F338255A-B3A8-4110-944F-9763E51E8485}.Debug|Any CPU.ActiveCfg = Debug|Any CPU
		{F338255A-B3A8-4110-944F-9763E51E8485}.Debug|Any CPU.Build.0 = Debug|Any CPU
		{F338255A-B3A8-4110-944F-9763E51E8485}.Debug|x64.ActiveCfg = Debug|Any CPU
		{F338255A-B3A8-4110-944F-9763E51E8485}.Debug|x64.Build.0 = Debug|Any CPU
		{F338255A-B3A8-4110-944F-9763E51E8485}.Debug|x86.ActiveCfg = Debug|Any CPU
		{F338255A-B3A8-4110-944F-9763E51E8485}.Debug|x86.Build.0 = Debug|Any CPU
		{F338255A-B3A8-4110-944F-9763E51E8485}.Release|Any CPU.ActiveCfg = Release|Any CPU
		{F338255A-B3A8-4110-944F-9763E51E8485}.Release|Any CPU.Build.0 = Release|Any CPU
		{F338255A-B3A8-4110-944F-9763E51E8485}.Release|x64.ActiveCfg = Release|Any CPU
		{F338255A-B3A8-4110-944F-9763E51E8485}.Release|x64.Build.0 = Release|Any CPU
		{F338255A-B3A8-4110-944F-9763E51E8485}.Release|x86.ActiveCfg = Release|Any CPU
		{F338255A-B3A8-4110-944F-9763E51E8485}.Release|x86.Build.0 = Release|Any CPU
	EndGlobalSection
	GlobalSection(SolutionProperties) = preSolution
		HideSolutionNode = FALSE
	EndGlobalSection
	GlobalSection(ExtensibilityGlobals) = postSolution
		SolutionGuid = {B388FCAC-2208-487A-85F0-139F13ED65DC}
	EndGlobalSection
EndGlobal
