
Microsoft Visual Studio Solution File, Format Version 12.00
# Visual Studio Version 17
VisualStudioVersion = 17.0.32014.148
MinimumVisualStudioVersion = 10.0.40219.1
Project("{9A19103F-16F7-4668-BE54-9A1E7A4F7556}") = "Borks", "Borks\Borks.csproj", "{854F2458-4415-4BA6-ACFA-4917C96D10D2}"
EndProject
Project("{9A19103F-16F7-4668-BE54-9A1E7A4F7556}") = "Borks.Graphics3D", "Borks.Graphics3D\Borks.Graphics3D.csproj", "{BDC7C4EA-36D5-4346-94F3-6ACA47AEC0B7}"
EndProject
Project("{9A19103F-16F7-4668-BE54-9A1E7A4F7556}") = "Borks.Sandbox", "Borks.Sandbox\Borks.Sandbox.csproj", "{07985F55-1428-4C52-92B0-83097DC39077}"
EndProject
Project("{9A19103F-16F7-4668-BE54-9A1E7A4F7556}") = "Borks.Graphics3D.SEModel", "Borks.Graphics3D.SEModel\Borks.Graphics3D.SEModel.csproj", "{F338255A-B3A8-4110-944F-9763E51E8485}"
EndProject
Project("{9A19103F-16F7-4668-BE54-9A1E7A4F7556}") = "Borks.Graphics3D.SMD", "Borks.Graphics3D.SMD\Borks.Graphics3D.SMD.csproj", "{205246A7-ADE5-4F18-BA3A-EE57B7A398F1}"
EndProject
Project("{9A19103F-16F7-4668-BE54-9A1E7A4F7556}") = "Borks.Graphics3D.SEAnim", "Borks.Graphics3D.SEAnim\Borks.Graphics3D.SEAnim.csproj", "{DD2897B0-277B-47B9-90E7-33391244C19B}"
EndProject
Project("{9A19103F-16F7-4668-BE54-9A1E7A4F7556}") = "Borks.Graphics3D.CoDXAsset", "Borks.Graphics3D.CoDXAsset\Borks.Graphics3D.CoDXAsset.csproj", "{6F14E92A-EB27-405D-8953-D55383A658BD}"
EndProject
Project("{2150E333-8FDC-42A3-9474-1A3956D46DE8}") = "Graphics3D", "Graphics3D", "{B102209C-2E49-4E46-B574-6E661FC19C4E}"
EndProject
Project("{FAE04EC0-301F-11D3-BF4B-00C04F79EFBC}") = "Borks.Graphics3D.Translator", "Borks.Graphics3D.Translator\Borks.Graphics3D.Translator.csproj", "{5DBF0C96-23EA-4F0B-9044-C220FB0BD9B4}"
EndProject
Global
	GlobalSection(SolutionConfigurationPlatforms) = preSolution
		Debug|Any CPU = Debug|Any CPU
		Debug|x64 = Debug|x64
		Debug|x86 = Debug|x86
		Release|Any CPU = Release|Any CPU
		Release|x64 = Release|x64
		Release|x86 = Release|x86
	EndGlobalSection
	GlobalSection(ProjectConfigurationPlatforms) = postSolution
		{854F2458-4415-4BA6-ACFA-4917C96D10D2}.Debug|Any CPU.ActiveCfg = Debug|Any CPU
		{854F2458-4415-4BA6-ACFA-4917C96D10D2}.Debug|Any CPU.Build.0 = Debug|Any CPU
		{854F2458-4415-4BA6-ACFA-4917C96D10D2}.Debug|x64.ActiveCfg = Debug|Any CPU
		{854F2458-4415-4BA6-ACFA-4917C96D10D2}.Debug|x64.Build.0 = Debug|Any CPU
		{854F2458-4415-4BA6-ACFA-4917C96D10D2}.Debug|x86.ActiveCfg = Debug|Any CPU
		{854F2458-4415-4BA6-ACFA-4917C96D10D2}.Debug|x86.Build.0 = Debug|Any CPU
		{854F2458-4415-4BA6-ACFA-4917C96D10D2}.Release|Any CPU.ActiveCfg = Release|Any CPU
		{854F2458-4415-4BA6-ACFA-4917C96D10D2}.Release|Any CPU.Build.0 = Release|Any CPU
		{854F2458-4415-4BA6-ACFA-4917C96D10D2}.Release|x64.ActiveCfg = Release|Any CPU
		{854F2458-4415-4BA6-ACFA-4917C96D10D2}.Release|x64.Build.0 = Release|Any CPU
		{854F2458-4415-4BA6-ACFA-4917C96D10D2}.Release|x86.ActiveCfg = Release|Any CPU
		{854F2458-4415-4BA6-ACFA-4917C96D10D2}.Release|x86.Build.0 = Release|Any CPU
		{BDC7C4EA-36D5-4346-94F3-6ACA47AEC0B7}.Debug|Any CPU.ActiveCfg = Debug|Any CPU
		{BDC7C4EA-36D5-4346-94F3-6ACA47AEC0B7}.Debug|Any CPU.Build.0 = Debug|Any CPU
		{BDC7C4EA-36D5-4346-94F3-6ACA47AEC0B7}.Debug|x64.ActiveCfg = Debug|Any CPU
		{BDC7C4EA-36D5-4346-94F3-6ACA47AEC0B7}.Debug|x64.Build.0 = Debug|Any CPU
		{BDC7C4EA-36D5-4346-94F3-6ACA47AEC0B7}.Debug|x86.ActiveCfg = Debug|Any CPU
		{BDC7C4EA-36D5-4346-94F3-6ACA47AEC0B7}.Debug|x86.Build.0 = Debug|Any CPU
		{BDC7C4EA-36D5-4346-94F3-6ACA47AEC0B7}.Release|Any CPU.ActiveCfg = Release|Any CPU
		{BDC7C4EA-36D5-4346-94F3-6ACA47AEC0B7}.Release|Any CPU.Build.0 = Release|Any CPU
		{BDC7C4EA-36D5-4346-94F3-6ACA47AEC0B7}.Release|x64.ActiveCfg = Release|Any CPU
		{BDC7C4EA-36D5-4346-94F3-6ACA47AEC0B7}.Release|x64.Build.0 = Release|Any CPU
		{BDC7C4EA-36D5-4346-94F3-6ACA47AEC0B7}.Release|x86.ActiveCfg = Release|Any CPU
		{BDC7C4EA-36D5-4346-94F3-6ACA47AEC0B7}.Release|x86.Build.0 = Release|Any CPU
		{07985F55-1428-4C52-92B0-83097DC39077}.Debug|Any CPU.ActiveCfg = Debug|Any CPU
		{07985F55-1428-4C52-92B0-83097DC39077}.Debug|Any CPU.Build.0 = Debug|Any CPU
		{07985F55-1428-4C52-92B0-83097DC39077}.Debug|x64.ActiveCfg = Debug|Any CPU
		{07985F55-1428-4C52-92B0-83097DC39077}.Debug|x64.Build.0 = Debug|Any CPU
		{07985F55-1428-4C52-92B0-83097DC39077}.Debug|x86.ActiveCfg = Debug|Any CPU
		{07985F55-1428-4C52-92B0-83097DC39077}.Debug|x86.Build.0 = Debug|Any CPU
		{07985F55-1428-4C52-92B0-83097DC39077}.Release|Any CPU.ActiveCfg = Release|Any CPU
		{07985F55-1428-4C52-92B0-83097DC39077}.Release|Any CPU.Build.0 = Release|Any CPU
		{07985F55-1428-4C52-92B0-83097DC39077}.Release|x64.ActiveCfg = Release|Any CPU
		{07985F55-1428-4C52-92B0-83097DC39077}.Release|x64.Build.0 = Release|Any CPU
		{07985F55-1428-4C52-92B0-83097DC39077}.Release|x86.ActiveCfg = Release|Any CPU
		{07985F55-1428-4C52-92B0-83097DC39077}.Release|x86.Build.0 = Release|Any CPU
		{F338255A-B3A8-4110-944F-9763E51E8485}.Debug|Any CPU.ActiveCfg = Debug|Any CPU
		{F338255A-B3A8-4110-944F-9763E51E8485}.Debug|Any CPU.Build.0 = Debug|Any CPU
		{F338255A-B3A8-4110-944F-9763E51E8485}.Debug|x64.ActiveCfg = Debug|Any CPU
		{F338255A-B3A8-4110-944F-9763E51E8485}.Debug|x64.Build.0 = Debug|Any CPU
		{F338255A-B3A8-4110-944F-9763E51E8485}.Debug|x86.ActiveCfg = Debug|Any CPU
		{F338255A-B3A8-4110-944F-9763E51E8485}.Debug|x86.Build.0 = Debug|Any CPU
		{F338255A-B3A8-4110-944F-9763E51E8485}.Release|Any CPU.ActiveCfg = Release|Any CPU
		{F338255A-B3A8-4110-944F-9763E51E8485}.Release|Any CPU.Build.0 = Release|Any CPU
		{F338255A-B3A8-4110-944F-9763E51E8485}.Release|x64.ActiveCfg = Release|Any CPU
		{F338255A-B3A8-4110-944F-9763E51E8485}.Release|x64.Build.0 = Release|Any CPU
		{F338255A-B3A8-4110-944F-9763E51E8485}.Release|x86.ActiveCfg = Release|Any CPU
		{F338255A-B3A8-4110-944F-9763E51E8485}.Release|x86.Build.0 = Release|Any CPU
		{205246A7-ADE5-4F18-BA3A-EE57B7A398F1}.Debug|Any CPU.ActiveCfg = Debug|Any CPU
		{205246A7-ADE5-4F18-BA3A-EE57B7A398F1}.Debug|Any CPU.Build.0 = Debug|Any CPU
		{205246A7-ADE5-4F18-BA3A-EE57B7A398F1}.Debug|x64.ActiveCfg = Debug|Any CPU
		{205246A7-ADE5-4F18-BA3A-EE57B7A398F1}.Debug|x64.Build.0 = Debug|Any CPU
		{205246A7-ADE5-4F18-BA3A-EE57B7A398F1}.Debug|x86.ActiveCfg = Debug|Any CPU
		{205246A7-ADE5-4F18-BA3A-EE57B7A398F1}.Debug|x86.Build.0 = Debug|Any CPU
		{205246A7-ADE5-4F18-BA3A-EE57B7A398F1}.Release|Any CPU.ActiveCfg = Release|Any CPU
		{205246A7-ADE5-4F18-BA3A-EE57B7A398F1}.Release|Any CPU.Build.0 = Release|Any CPU
		{205246A7-ADE5-4F18-BA3A-EE57B7A398F1}.Release|x64.ActiveCfg = Release|Any CPU
		{205246A7-ADE5-4F18-BA3A-EE57B7A398F1}.Release|x64.Build.0 = Release|Any CPU
		{205246A7-ADE5-4F18-BA3A-EE57B7A398F1}.Release|x86.ActiveCfg = Release|Any CPU
		{205246A7-ADE5-4F18-BA3A-EE57B7A398F1}.Release|x86.Build.0 = Release|Any CPU
		{DD2897B0-277B-47B9-90E7-33391244C19B}.Debug|Any CPU.ActiveCfg = Debug|Any CPU
		{DD2897B0-277B-47B9-90E7-33391244C19B}.Debug|Any CPU.Build.0 = Debug|Any CPU
		{DD2897B0-277B-47B9-90E7-33391244C19B}.Debug|x64.ActiveCfg = Debug|Any CPU
		{DD2897B0-277B-47B9-90E7-33391244C19B}.Debug|x64.Build.0 = Debug|Any CPU
		{DD2897B0-277B-47B9-90E7-33391244C19B}.Debug|x86.ActiveCfg = Debug|Any CPU
		{DD2897B0-277B-47B9-90E7-33391244C19B}.Debug|x86.Build.0 = Debug|Any CPU
		{DD2897B0-277B-47B9-90E7-33391244C19B}.Release|Any CPU.ActiveCfg = Release|Any CPU
		{DD2897B0-277B-47B9-90E7-33391244C19B}.Release|Any CPU.Build.0 = Release|Any CPU
		{DD2897B0-277B-47B9-90E7-33391244C19B}.Release|x64.ActiveCfg = Release|Any CPU
		{DD2897B0-277B-47B9-90E7-33391244C19B}.Release|x64.Build.0 = Release|Any CPU
		{DD2897B0-277B-47B9-90E7-33391244C19B}.Release|x86.ActiveCfg = Release|Any CPU
		{DD2897B0-277B-47B9-90E7-33391244C19B}.Release|x86.Build.0 = Release|Any CPU
		{6F14E92A-EB27-405D-8953-D55383A658BD}.Debug|Any CPU.ActiveCfg = Debug|Any CPU
		{6F14E92A-EB27-405D-8953-D55383A658BD}.Debug|Any CPU.Build.0 = Debug|Any CPU
		{6F14E92A-EB27-405D-8953-D55383A658BD}.Debug|x64.ActiveCfg = Debug|Any CPU
		{6F14E92A-EB27-405D-8953-D55383A658BD}.Debug|x64.Build.0 = Debug|Any CPU
		{6F14E92A-EB27-405D-8953-D55383A658BD}.Debug|x86.ActiveCfg = Debug|Any CPU
		{6F14E92A-EB27-405D-8953-D55383A658BD}.Debug|x86.Build.0 = Debug|Any CPU
		{6F14E92A-EB27-405D-8953-D55383A658BD}.Release|Any CPU.ActiveCfg = Release|Any CPU
		{6F14E92A-EB27-405D-8953-D55383A658BD}.Release|Any CPU.Build.0 = Release|Any CPU
		{6F14E92A-EB27-405D-8953-D55383A658BD}.Release|x64.ActiveCfg = Release|Any CPU
		{6F14E92A-EB27-405D-8953-D55383A658BD}.Release|x64.Build.0 = Release|Any CPU
		{6F14E92A-EB27-405D-8953-D55383A658BD}.Release|x86.ActiveCfg = Release|Any CPU
		{6F14E92A-EB27-405D-8953-D55383A658BD}.Release|x86.Build.0 = Release|Any CPU
		{5DBF0C96-23EA-4F0B-9044-C220FB0BD9B4}.Debug|Any CPU.ActiveCfg = Debug|Any CPU
		{5DBF0C96-23EA-4F0B-9044-C220FB0BD9B4}.Debug|Any CPU.Build.0 = Debug|Any CPU
		{5DBF0C96-23EA-4F0B-9044-C220FB0BD9B4}.Debug|x64.ActiveCfg = Debug|Any CPU
		{5DBF0C96-23EA-4F0B-9044-C220FB0BD9B4}.Debug|x64.Build.0 = Debug|Any CPU
		{5DBF0C96-23EA-4F0B-9044-C220FB0BD9B4}.Debug|x86.ActiveCfg = Debug|Any CPU
		{5DBF0C96-23EA-4F0B-9044-C220FB0BD9B4}.Debug|x86.Build.0 = Debug|Any CPU
		{5DBF0C96-23EA-4F0B-9044-C220FB0BD9B4}.Release|Any CPU.ActiveCfg = Release|Any CPU
		{5DBF0C96-23EA-4F0B-9044-C220FB0BD9B4}.Release|Any CPU.Build.0 = Release|Any CPU
		{5DBF0C96-23EA-4F0B-9044-C220FB0BD9B4}.Release|x64.ActiveCfg = Release|Any CPU
		{5DBF0C96-23EA-4F0B-9044-C220FB0BD9B4}.Release|x64.Build.0 = Release|Any CPU
		{5DBF0C96-23EA-4F0B-9044-C220FB0BD9B4}.Release|x86.ActiveCfg = Release|Any CPU
		{5DBF0C96-23EA-4F0B-9044-C220FB0BD9B4}.Release|x86.Build.0 = Release|Any CPU
	EndGlobalSection
	GlobalSection(SolutionProperties) = preSolution
		HideSolutionNode = FALSE
	EndGlobalSection
	GlobalSection(NestedProjects) = preSolution
		{BDC7C4EA-36D5-4346-94F3-6ACA47AEC0B7} = {B102209C-2E49-4E46-B574-6E661FC19C4E}
		{F338255A-B3A8-4110-944F-9763E51E8485} = {B102209C-2E49-4E46-B574-6E661FC19C4E}
		{205246A7-ADE5-4F18-BA3A-EE57B7A398F1} = {B102209C-2E49-4E46-B574-6E661FC19C4E}
		{DD2897B0-277B-47B9-90E7-33391244C19B} = {B102209C-2E49-4E46-B574-6E661FC19C4E}
		{6F14E92A-EB27-405D-8953-D55383A658BD} = {B102209C-2E49-4E46-B574-6E661FC19C4E}
		{5DBF0C96-23EA-4F0B-9044-C220FB0BD9B4} = {B102209C-2E49-4E46-B574-6E661FC19C4E}
	EndGlobalSection
	GlobalSection(ExtensibilityGlobals) = postSolution
		SolutionGuid = {B388FCAC-2208-487A-85F0-139F13ED65DC}
	EndGlobalSection
EndGlobal
